
Microsoft Visual Studio Solution File, Format Version 12.00
# Visual Studio Version 16
VisualStudioVersion = 16.0.31702.278
MinimumVisualStudioVersion = 10.0.40219.1
Project("{FAE04EC0-301F-11D3-BF4B-00C04F79EFBC}") = "ImageTutorial.Android", "ImageTutorial\ImageTutorial.Android\ImageTutorial.Android.csproj", "{3E8AF16A-050B-4DD5-88EC-70457E5D3335}"
EndProject
Project("{FAE04EC0-301F-11D3-BF4B-00C04F79EFBC}") = "ImageTutorial.iOS", "ImageTutorial\ImageTutorial.iOS\ImageTutorial.iOS.csproj", "{EBD3C9C2-A70F-45E7-B50A-420D028BB057}"
EndProject
Project("{FAE04EC0-301F-11D3-BF4B-00C04F79EFBC}") = "ImageTutorial", "ImageTutorial\ImageTutorial\ImageTutorial.csproj", "{BF61F67D-F3A5-406E-838A-FE3A7EA29DF8}"
EndProject
Global
	GlobalSection(SolutionConfigurationPlatforms) = preSolution
		Debug|Any CPU = Debug|Any CPU
		Debug|iPhone = Debug|iPhone
		Debug|iPhoneSimulator = Debug|iPhoneSimulator
		Release|Any CPU = Release|Any CPU
		Release|iPhone = Release|iPhone
		Release|iPhoneSimulator = Release|iPhoneSimulator
	EndGlobalSection
	GlobalSection(ProjectConfigurationPlatforms) = postSolution
		{3E8AF16A-050B-4DD5-88EC-70457E5D3335}.Debug|Any CPU.ActiveCfg = Debug|Any CPU
		{3E8AF16A-050B-4DD5-88EC-70457E5D3335}.Debug|Any CPU.Build.0 = Debug|Any CPU
		{3E8AF16A-050B-4DD5-88EC-70457E5D3335}.Debug|Any CPU.Deploy.0 = Debug|Any CPU
		{3E8AF16A-050B-4DD5-88EC-70457E5D3335}.Debug|iPhone.ActiveCfg = Debug|Any CPU
		{3E8AF16A-050B-4DD5-88EC-70457E5D3335}.Debug|iPhone.Build.0 = Debug|Any CPU
		{3E8AF16A-050B-4DD5-88EC-70457E5D3335}.Debug|iPhone.Deploy.0 = Debug|Any CPU
		{3E8AF16A-050B-4DD5-88EC-70457E5D3335}.Debug|iPhoneSimulator.ActiveCfg = Debug|Any CPU
		{3E8AF16A-050B-4DD5-88EC-70457E5D3335}.Debug|iPhoneSimulator.Build.0 = Debug|Any CPU
		{3E8AF16A-050B-4DD5-88EC-70457E5D3335}.Debug|iPhoneSimulator.Deploy.0 = Debug|Any CPU
		{3E8AF16A-050B-4DD5-88EC-70457E5D3335}.Release|Any CPU.ActiveCfg = Release|Any CPU
		{3E8AF16A-050B-4DD5-88EC-70457E5D3335}.Release|Any CPU.Build.0 = Release|Any CPU
		{3E8AF16A-050B-4DD5-88EC-70457E5D3335}.Release|Any CPU.Deploy.0 = Release|Any CPU
		{3E8AF16A-050B-4DD5-88EC-70457E5D3335}.Release|iPhone.ActiveCfg = Release|Any CPU
		{3E8AF16A-050B-4DD5-88EC-70457E5D3335}.Release|iPhone.Build.0 = Release|Any CPU
		{3E8AF16A-050B-4DD5-88EC-70457E5D3335}.Release|iPhone.Deploy.0 = Release|Any CPU
		{3E8AF16A-050B-4DD5-88EC-70457E5D3335}.Release|iPhoneSimulator.ActiveCfg = Release|Any CPU
		{3E8AF16A-050B-4DD5-88EC-70457E5D3335}.Release|iPhoneSimulator.Build.0 = Release|Any CPU
		{3E8AF16A-050B-4DD5-88EC-70457E5D3335}.Release|iPhoneSimulator.Deploy.0 = Release|Any CPU
		{EBD3C9C2-A70F-45E7-B50A-420D028BB057}.Debug|Any CPU.ActiveCfg = Debug|iPhone
		{EBD3C9C2-A70F-45E7-B50A-420D028BB057}.Debug|Any CPU.Build.0 = Debug|iPhone
		{EBD3C9C2-A70F-45E7-B50A-420D028BB057}.Debug|Any CPU.Deploy.0 = Debug|iPhone
		{EBD3C9C2-A70F-45E7-B50A-420D028BB057}.Debug|iPhone.ActiveCfg = Debug|iPhone
		{EBD3C9C2-A70F-45E7-B50A-420D028BB057}.Debug|iPhone.Build.0 = Debug|iPhone
		{EBD3C9C2-A70F-45E7-B50A-420D028BB057}.Debug|iPhone.Deploy.0 = Debug|iPhone
		{EBD3C9C2-A70F-45E7-B50A-420D028BB057}.Debug|iPhoneSimulator.ActiveCfg = Debug|iPhoneSimulator
		{EBD3C9C2-A70F-45E7-B50A-420D028BB057}.Debug|iPhoneSimulator.Build.0 = Debug|iPhoneSimulator
		{EBD3C9C2-A70F-45E7-B50A-420D028BB057}.Debug|iPhoneSimulator.Deploy.0 = Debug|iPhoneSimulator
		{EBD3C9C2-A70F-45E7-B50A-420D028BB057}.Release|Any CPU.ActiveCfg = Release|iPhoneSimulator
		{EBD3C9C2-A70F-45E7-B50A-420D028BB057}.Release|Any CPU.Build.0 = Release|iPhoneSimulator
		{EBD3C9C2-A70F-45E7-B50A-420D028BB057}.Release|Any CPU.Deploy.0 = Release|iPhoneSimulator
		{EBD3C9C2-A70F-45E7-B50A-420D028BB057}.Release|iPhone.ActiveCfg = Release|iPhone
		{EBD3C9C2-A70F-45E7-B50A-420D028BB057}.Release|iPhone.Build.0 = Release|iPhone
		{EBD3C9C2-A70F-45E7-B50A-420D028BB057}.Release|iPhone.Deploy.0 = Release|iPhone
		{EBD3C9C2-A70F-45E7-B50A-420D028BB057}.Release|iPhoneSimulator.ActiveCfg = Release|iPhoneSimulator
		{EBD3C9C2-A70F-45E7-B50A-420D028BB057}.Release|iPhoneSimulator.Build.0 = Release|iPhoneSimulator
		{EBD3C9C2-A70F-45E7-B50A-420D028BB057}.Release|iPhoneSimulator.Deploy.0 = Release|iPhoneSimulator
		{BF61F67D-F3A5-406E-838A-FE3A7EA29DF8}.Debug|Any CPU.ActiveCfg = Debug|Any CPU
		{BF61F67D-F3A5-406E-838A-FE3A7EA29DF8}.Debug|Any CPU.Build.0 = Debug|Any CPU
		{BF61F67D-F3A5-406E-838A-FE3A7EA29DF8}.Debug|Any CPU.Deploy.0 = Debug|Any CPU
		{BF61F67D-F3A5-406E-838A-FE3A7EA29DF8}.Debug|iPhone.ActiveCfg = Debug|Any CPU
		{BF61F67D-F3A5-406E-838A-FE3A7EA29DF8}.Debug|iPhone.Build.0 = Debug|Any CPU
		{BF61F67D-F3A5-406E-838A-FE3A7EA29DF8}.Debug|iPhone.Deploy.0 = Debug|Any CPU
		{BF61F67D-F3A5-406E-838A-FE3A7EA29DF8}.Debug|iPhoneSimulator.ActiveCfg = Debug|Any CPU
		{BF61F67D-F3A5-406E-838A-FE3A7EA29DF8}.Debug|iPhoneSimulator.Build.0 = Debug|Any CPU
		{BF61F67D-F3A5-406E-838A-FE3A7EA29DF8}.Debug|iPhoneSimulator.Deploy.0 = Debug|Any CPU
		{BF61F67D-F3A5-406E-838A-FE3A7EA29DF8}.Release|Any CPU.ActiveCfg = Release|Any CPU
		{BF61F67D-F3A5-406E-838A-FE3A7EA29DF8}.Release|Any CPU.Build.0 = Release|Any CPU
		{BF61F67D-F3A5-406E-838A-FE3A7EA29DF8}.Release|Any CPU.Deploy.0 = Release|Any CPU
		{BF61F67D-F3A5-406E-838A-FE3A7EA29DF8}.Release|iPhone.ActiveCfg = Release|Any CPU
		{BF61F67D-F3A5-406E-838A-FE3A7EA29DF8}.Release|iPhone.Build.0 = Release|Any CPU
		{BF61F67D-F3A5-406E-838A-FE3A7EA29DF8}.Release|iPhone.Deploy.0 = Release|Any CPU
		{BF61F67D-F3A5-406E-838A-FE3A7EA29DF8}.Release|iPhoneSimulator.ActiveCfg = Release|Any CPU
		{BF61F67D-F3A5-406E-838A-FE3A7EA29DF8}.Release|iPhoneSimulator.Build.0 = Release|Any CPU
		{BF61F67D-F3A5-406E-838A-FE3A7EA29DF8}.Release|iPhoneSimulator.Deploy.0 = Release|Any CPU
	EndGlobalSection
	GlobalSection(SolutionProperties) = preSolution
		HideSolutionNode = FALSE
	EndGlobalSection
	GlobalSection(ExtensibilityGlobals) = postSolution
		SolutionGuid = {434646A4-22A5-4CD2-A89B-C163BD85A45C}
	EndGlobalSection
EndGlobal
